
Microsoft Visual Studio Solution File, Format Version 12.00
# Visual Studio Version 17
VisualStudioVersion = 17.8.34309.116
MinimumVisualStudioVersion = 10.0.40219.1
Project("{FAE04EC0-301F-11D3-BF4B-00C04F79EFBC}") = "Parser", "Parser\Parser.csproj", "{1F324EF7-EA98-4DEB-B5D2-35694505CF9E}"
EndProject
Global
	GlobalSection(SolutionConfigurationPlatforms) = preSolution
		Debug|Any CPU = Debug|Any CPU
		Release|Any CPU = Release|Any CPU
	EndGlobalSection
	GlobalSection(ProjectConfigurationPlatforms) = postSolution
		{1F324EF7-EA98-4DEB-B5D2-35694505CF9E}.Debug|Any CPU.ActiveCfg = Debug|Any CPU
		{1F324EF7-EA98-4DEB-B5D2-35694505CF9E}.Debug|Any CPU.Build.0 = Debug|Any CPU
		{1F324EF7-EA98-4DEB-B5D2-35694505CF9E}.Release|Any CPU.ActiveCfg = Release|Any CPU
		{1F324EF7-EA98-4DEB-B5D2-35694505CF9E}.Release|Any CPU.Build.0 = Release|Any CPU
	EndGlobalSection
	GlobalSection(SolutionProperties) = preSolution
		HideSolutionNode = FALSE
	EndGlobalSection
	GlobalSection(ExtensibilityGlobals) = postSolution
		SolutionGuid = {A151C4A2-5AA0-435E-82BA-8EDF9613D2C1}
	EndGlobalSection
EndGlobal
